
Microsoft Visual Studio Solution File, Format Version 11.00
# Visual Studio 2010
Project("{FAE04EC0-301F-11D3-BF4B-00C04F79EFBC}") = "ScanApp", "ScanApp\ScanApp.csproj", "{BBD041F0-E6FF-40B3-9B25-00107618A25E}"
EndProject
Global
	GlobalSection(SolutionConfigurationPlatforms) = preSolution
		Debug|x86 = Debug|x86
		Release|x86 = Release|x86
	EndGlobalSection
	GlobalSection(ProjectConfigurationPlatforms) = postSolution
		{BBD041F0-E6FF-40B3-9B25-00107618A25E}.Debug|x86.ActiveCfg = Debug|x86
		{BBD041F0-E6FF-40B3-9B25-00107618A25E}.Debug|x86.Build.0 = Debug|x86
		{BBD041F0-E6FF-40B3-9B25-00107618A25E}.Release|x86.ActiveCfg = Release|x86
		{BBD041F0-E6FF-40B3-9B25-00107618A25E}.Release|x86.Build.0 = Release|x86
	EndGlobalSection
	GlobalSection(SolutionProperties) = preSolution
		HideSolutionNode = FALSE
	EndGlobalSection
EndGlobal
